// !$*UTF8*$!
{
	archiveVersion = 1;
	classes = {
	};
	objectVersion = 55;
	objects = {

/* Begin PBXBuildFile section */
		98CD4C62B431E883941D024C /* Pods_OverseasNews.framework in Frameworks */ = {isa = PBXBuildFile; fileRef = 9B824729380799B8B0121F5B /* Pods_OverseasNews.framework */; };
		B40CCD072743DE67004C83C4 /* AppDelegate.swift in Sources */ = {isa = PBXBuildFile; fileRef = B40CCD062743DE67004C83C4 /* AppDelegate.swift */; };
		B40CCD092743DE67004C83C4 /* SceneDelegate.swift in Sources */ = {isa = PBXBuildFile; fileRef = B40CCD082743DE67004C83C4 /* SceneDelegate.swift */; };
		B40CCD0E2743DE67004C83C4 /* Main.storyboard in Resources */ = {isa = PBXBuildFile; fileRef = B40CCD0C2743DE67004C83C4 /* Main.storyboard */; };
		B40CCD132743DE69004C83C4 /* LaunchScreen.storyboard in Resources */ = {isa = PBXBuildFile; fileRef = B40CCD112743DE69004C83C4 /* LaunchScreen.storyboard */; };
		B41C213827565E4C009744EC /* UIAlert+Extension.swift in Sources */ = {isa = PBXBuildFile; fileRef = B41C213727565E4C009744EC /* UIAlert+Extension.swift */; };
		B4216C05274A241F0028DBBF /* Realm in Frameworks */ = {isa = PBXBuildFile; productRef = B4216C04274A241F0028DBBF /* Realm */; };
		B4216C07274A241F0028DBBF /* RealmSwift in Frameworks */ = {isa = PBXBuildFile; productRef = B4216C06274A241F0028DBBF /* RealmSwift */; };
		B4216C0A274A2A570028DBBF /* RealmModel.swift in Sources */ = {isa = PBXBuildFile; fileRef = B4216C09274A2A570028DBBF /* RealmModel.swift */; };
		B4216C0E274A60050028DBBF /* SearchModel.swift in Sources */ = {isa = PBXBuildFile; fileRef = B4216C0D274A60050028DBBF /* SearchModel.swift */; };
		B4216C11274A7DAD0028DBBF /* Toast in Frameworks */ = {isa = PBXBuildFile; productRef = B4216C10274A7DAD0028DBBF /* Toast */; };
		B4216C17274B67D60028DBBF /* CategoryTableViewCell.swift in Sources */ = {isa = PBXBuildFile; fileRef = B4216C16274B67D60028DBBF /* CategoryTableViewCell.swift */; };
		B421F662274BF8E200FD02B0 /* Jsongmyung-Regular.otf in Resources */ = {isa = PBXBuildFile; fileRef = B421F661274BF8E200FD02B0 /* Jsongmyung-Regular.otf */; };
		B421F664274BFC5600FD02B0 /* UIFont+Extension.swift in Sources */ = {isa = PBXBuildFile; fileRef = B421F663274BFC5600FD02B0 /* UIFont+Extension.swift */; };
		B421F666274D457500FD02B0 /* Date+Extension.swift in Sources */ = {isa = PBXBuildFile; fileRef = B421F665274D457500FD02B0 /* Date+Extension.swift */; };
		B421F669274E085C00FD02B0 /* SkeletonView in Frameworks */ = {isa = PBXBuildFile; productRef = B421F668274E085C00FD02B0 /* SkeletonView */; };
		B421F67F274F81AD00FD02B0 /* SettingOption.swift in Sources */ = {isa = PBXBuildFile; fileRef = B421F67E274F81AD00FD02B0 /* SettingOption.swift */; };
		B421F681274F892200FD02B0 /* LicenseViewController.swift in Sources */ = {isa = PBXBuildFile; fileRef = B421F680274F892200FD02B0 /* LicenseViewController.swift */; };
		B421F689274F8E4C00FD02B0 /* SettingTableViewCell.swift in Sources */ = {isa = PBXBuildFile; fileRef = B421F688274F8E4C00FD02B0 /* SettingTableViewCell.swift */; };
		B421F68D274FCE8200FD02B0 /* Assets.xcassets in Resources */ = {isa = PBXBuildFile; fileRef = B421F68C274FCE8200FD02B0 /* Assets.xcassets */; };
		B421F692274FDD9B00FD02B0 /* InfoPlist.strings in Resources */ = {isa = PBXBuildFile; fileRef = B421F694274FDD9B00FD02B0 /* InfoPlist.strings */; };
		B421F697274FE15600FD02B0 /* CategoryModel.swift in Sources */ = {isa = PBXBuildFile; fileRef = B421F696274FE15600FD02B0 /* CategoryModel.swift */; };
		B47A902827674B8900C05428 /* GoogleService-Info.plist in Resources */ = {isa = PBXBuildFile; fileRef = B47A902727674B8900C05428 /* GoogleService-Info.plist */; };
		B4B096442744E03500240D76 /* TrendingViewController.swift in Sources */ = {isa = PBXBuildFile; fileRef = B4B096432744E03500240D76 /* TrendingViewController.swift */; };
		B4B096462744E03B00240D76 /* SearchViewController.swift in Sources */ = {isa = PBXBuildFile; fileRef = B4B096452744E03B00240D76 /* SearchViewController.swift */; };
		B4B096482744E04400240D76 /* CategoryViewController.swift in Sources */ = {isa = PBXBuildFile; fileRef = B4B096472744E04400240D76 /* CategoryViewController.swift */; };
		B4B0964A2744E05200240D76 /* SettingViewController.swift in Sources */ = {isa = PBXBuildFile; fileRef = B4B096492744E05200240D76 /* SettingViewController.swift */; };
		B4B096502744E1D100240D76 /* Search.storyboard in Resources */ = {isa = PBXBuildFile; fileRef = B4B0964F2744E1D100240D76 /* Search.storyboard */; };
		B4B096542744E1DD00240D76 /* Setting.storyboard in Resources */ = {isa = PBXBuildFile; fileRef = B4B096532744E1DD00240D76 /* Setting.storyboard */; };
		B4B096582744E6D500240D76 /* LeftTitle+Extension.swift in Sources */ = {isa = PBXBuildFile; fileRef = B4B096572744E6D500240D76 /* LeftTitle+Extension.swift */; };
		B4B0965C2744F35900240D76 /* SearchTableViewCell.swift in Sources */ = {isa = PBXBuildFile; fileRef = B4B0965B2744F35900240D76 /* SearchTableViewCell.swift */; };
		B4B0965E2745014D00240D76 /* TrendingCollectionViewCell.swift in Sources */ = {isa = PBXBuildFile; fileRef = B4B0965D2745014D00240D76 /* TrendingCollectionViewCell.swift */; };
		B4B0966727452CE600240D76 /* CHTCollectionViewWaterfallLayout in Frameworks */ = {isa = PBXBuildFile; productRef = B4B0966627452CE600240D76 /* CHTCollectionViewWaterfallLayout */; };
		B4B0968B27453DA500240D76 /* Trending.storyboard in Resources */ = {isa = PBXBuildFile; fileRef = B4B0968A27453DA500240D76 /* Trending.storyboard */; };
		B4B0968F27454C5E00240D76 /* ArticleBodyViewController.swift in Sources */ = {isa = PBXBuildFile; fileRef = B4B0968E27454C5E00240D76 /* ArticleBodyViewController.swift */; };
		B4B0969127454C8A00240D76 /* ArticleBody.storyboard in Resources */ = {isa = PBXBuildFile; fileRef = B4B0969027454C8A00240D76 /* ArticleBody.storyboard */; };
		B4B09694274560E300240D76 /* SnapKit in Frameworks */ = {isa = PBXBuildFile; productRef = B4B09693274560E300240D76 /* SnapKit */; };
		B4B0969A27462DFE00240D76 /* Tabman in Frameworks */ = {isa = PBXBuildFile; productRef = B4B0969927462DFE00240D76 /* Tabman */; };
		B4B0969F2746330100240D76 /* CategorySectionViewController.swift in Sources */ = {isa = PBXBuildFile; fileRef = B4B0969E2746330100240D76 /* CategorySectionViewController.swift */; };
		B4B096BB274638B400240D76 /* Category.storyboard in Resources */ = {isa = PBXBuildFile; fileRef = B4B096BA274638B400240D76 /* Category.storyboard */; };
		B4B096CA2746649D00240D76 /* SeeMorePage.storyboard in Resources */ = {isa = PBXBuildFile; fileRef = B4B096C92746649D00240D76 /* SeeMorePage.storyboard */; };
		B4B096CE274664C000240D76 /* SeeMorePageViewController.swift in Sources */ = {isa = PBXBuildFile; fileRef = B4B096CD274664C000240D76 /* SeeMorePageViewController.swift */; };
		B4B096D82746848F00240D76 /* Alamofire in Frameworks */ = {isa = PBXBuildFile; productRef = B4B096D72746848F00240D76 /* Alamofire */; };
		B4B096DB274684F800240D76 /* SwiftyJSON in Frameworks */ = {isa = PBXBuildFile; productRef = B4B096DA274684F800240D76 /* SwiftyJSON */; };
		B4B096DD274686E800240D76 /* KeyInfo.plist in Resources */ = {isa = PBXBuildFile; fileRef = B4B096DC274686E800240D76 /* KeyInfo.plist */; };
		B4B096DF2746879900240D76 /* HIDEAPIKEY++Bundle.swift in Sources */ = {isa = PBXBuildFile; fileRef = B4B096DE2746879900240D76 /* HIDEAPIKEY++Bundle.swift */; };
		B4B096E62746904900240D76 /* Kingfisher in Frameworks */ = {isa = PBXBuildFile; productRef = B4B096E52746904900240D76 /* Kingfisher */; };
		B4B096E82746905E00240D76 /* KF+Extension.swift in Sources */ = {isa = PBXBuildFile; fileRef = B4B096E72746905E00240D76 /* KF+Extension.swift */; };
		B4B096F42747C06900240D76 /* EmptySearchCollectionViewCell.swift in Sources */ = {isa = PBXBuildFile; fileRef = B4B096F32747C06800240D76 /* EmptySearchCollectionViewCell.swift */; };
/* End PBXBuildFile section */

/* Begin PBXFileReference section */
		2A109816A89EF35F25915763 /* Pods-OverseasNews.release.xcconfig */ = {isa = PBXFileReference; includeInIndex = 1; lastKnownFileType = text.xcconfig; name = "Pods-OverseasNews.release.xcconfig"; path = "Target Support Files/Pods-OverseasNews/Pods-OverseasNews.release.xcconfig"; sourceTree = "<group>"; };
		9B824729380799B8B0121F5B /* Pods_OverseasNews.framework */ = {isa = PBXFileReference; explicitFileType = wrapper.framework; includeInIndex = 0; path = Pods_OverseasNews.framework; sourceTree = BUILT_PRODUCTS_DIR; };
		B40CCD032743DE67004C83C4 /* OverseasNews.app */ = {isa = PBXFileReference; explicitFileType = wrapper.application; includeInIndex = 0; path = OverseasNews.app; sourceTree = BUILT_PRODUCTS_DIR; };
		B40CCD062743DE67004C83C4 /* AppDelegate.swift */ = {isa = PBXFileReference; lastKnownFileType = sourcecode.swift; path = AppDelegate.swift; sourceTree = "<group>"; };
		B40CCD082743DE67004C83C4 /* SceneDelegate.swift */ = {isa = PBXFileReference; lastKnownFileType = sourcecode.swift; path = SceneDelegate.swift; sourceTree = "<group>"; };
		B40CCD0D2743DE67004C83C4 /* Base */ = {isa = PBXFileReference; lastKnownFileType = file.storyboard; name = Base; path = Base.lproj/Main.storyboard; sourceTree = "<group>"; };
		B40CCD122743DE69004C83C4 /* Base */ = {isa = PBXFileReference; lastKnownFileType = file.storyboard; name = Base; path = Base.lproj/LaunchScreen.storyboard; sourceTree = "<group>"; };
		B40CCD142743DE69004C83C4 /* Info.plist */ = {isa = PBXFileReference; lastKnownFileType = text.plist.xml; path = Info.plist; sourceTree = "<group>"; };
		B41C213727565E4C009744EC /* UIAlert+Extension.swift */ = {isa = PBXFileReference; lastKnownFileType = sourcecode.swift; path = "UIAlert+Extension.swift"; sourceTree = "<group>"; };
		B4216C09274A2A570028DBBF /* RealmModel.swift */ = {isa = PBXFileReference; lastKnownFileType = sourcecode.swift; path = RealmModel.swift; sourceTree = "<group>"; };
		B4216C0D274A60050028DBBF /* SearchModel.swift */ = {isa = PBXFileReference; lastKnownFileType = sourcecode.swift; path = SearchModel.swift; sourceTree = "<group>"; };
		B4216C16274B67D60028DBBF /* CategoryTableViewCell.swift */ = {isa = PBXFileReference; lastKnownFileType = sourcecode.swift; path = CategoryTableViewCell.swift; sourceTree = "<group>"; };
		B421F661274BF8E200FD02B0 /* Jsongmyung-Regular.otf */ = {isa = PBXFileReference; lastKnownFileType = file; path = "Jsongmyung-Regular.otf"; sourceTree = "<group>"; };
		B421F663274BFC5600FD02B0 /* UIFont+Extension.swift */ = {isa = PBXFileReference; lastKnownFileType = sourcecode.swift; path = "UIFont+Extension.swift"; sourceTree = "<group>"; };
		B421F665274D457500FD02B0 /* Date+Extension.swift */ = {isa = PBXFileReference; lastKnownFileType = sourcecode.swift; path = "Date+Extension.swift"; sourceTree = "<group>"; };
		B421F67E274F81AD00FD02B0 /* SettingOption.swift */ = {isa = PBXFileReference; lastKnownFileType = sourcecode.swift; path = SettingOption.swift; sourceTree = "<group>"; };
		B421F680274F892200FD02B0 /* LicenseViewController.swift */ = {isa = PBXFileReference; lastKnownFileType = sourcecode.swift; path = LicenseViewController.swift; sourceTree = "<group>"; };
		B421F688274F8E4C00FD02B0 /* SettingTableViewCell.swift */ = {isa = PBXFileReference; lastKnownFileType = sourcecode.swift; path = SettingTableViewCell.swift; sourceTree = "<group>"; };
		B421F68C274FCE8200FD02B0 /* Assets.xcassets */ = {isa = PBXFileReference; lastKnownFileType = folder.assetcatalog; path = Assets.xcassets; sourceTree = "<group>"; };
		B421F68E274FDD5600FD02B0 /* ko */ = {isa = PBXFileReference; lastKnownFileType = text.plist.strings; name = ko; path = ko.lproj/Main.strings; sourceTree = "<group>"; };
		B421F68F274FDD5600FD02B0 /* ko */ = {isa = PBXFileReference; lastKnownFileType = text.plist.strings; name = ko; path = ko.lproj/LaunchScreen.strings; sourceTree = "<group>"; };
		B421F693274FDD9B00FD02B0 /* en */ = {isa = PBXFileReference; lastKnownFileType = text.plist.strings; name = en; path = en.lproj/InfoPlist.strings; sourceTree = "<group>"; };
		B421F695274FDD9D00FD02B0 /* ko */ = {isa = PBXFileReference; lastKnownFileType = text.plist.strings; name = ko; path = ko.lproj/InfoPlist.strings; sourceTree = "<group>"; };
		B421F696274FE15600FD02B0 /* CategoryModel.swift */ = {isa = PBXFileReference; lastKnownFileType = sourcecode.swift; path = CategoryModel.swift; sourceTree = "<group>"; };
		B47A902727674B8900C05428 /* GoogleService-Info.plist */ = {isa = PBXFileReference; lastKnownFileType = text.plist.xml; name = "GoogleService-Info.plist"; path = "OverseasNews/GoogleService-Info.plist"; sourceTree = SOURCE_ROOT; };
		B4B096432744E03500240D76 /* TrendingViewController.swift */ = {isa = PBXFileReference; lastKnownFileType = sourcecode.swift; path = TrendingViewController.swift; sourceTree = "<group>"; };
		B4B096452744E03B00240D76 /* SearchViewController.swift */ = {isa = PBXFileReference; lastKnownFileType = sourcecode.swift; path = SearchViewController.swift; sourceTree = "<group>"; };
		B4B096472744E04400240D76 /* CategoryViewController.swift */ = {isa = PBXFileReference; lastKnownFileType = sourcecode.swift; path = CategoryViewController.swift; sourceTree = "<group>"; };
		B4B096492744E05200240D76 /* SettingViewController.swift */ = {isa = PBXFileReference; lastKnownFileType = sourcecode.swift; path = SettingViewController.swift; sourceTree = "<group>"; };
		B4B0964F2744E1D100240D76 /* Search.storyboard */ = {isa = PBXFileReference; lastKnownFileType = file.storyboard; path = Search.storyboard; sourceTree = "<group>"; };
		B4B096532744E1DD00240D76 /* Setting.storyboard */ = {isa = PBXFileReference; lastKnownFileType = file.storyboard; path = Setting.storyboard; sourceTree = "<group>"; };
		B4B096572744E6D500240D76 /* LeftTitle+Extension.swift */ = {isa = PBXFileReference; lastKnownFileType = sourcecode.swift; path = "LeftTitle+Extension.swift"; sourceTree = "<group>"; };
		B4B0965B2744F35900240D76 /* SearchTableViewCell.swift */ = {isa = PBXFileReference; lastKnownFileType = sourcecode.swift; path = SearchTableViewCell.swift; sourceTree = "<group>"; };
		B4B0965D2745014D00240D76 /* TrendingCollectionViewCell.swift */ = {isa = PBXFileReference; lastKnownFileType = sourcecode.swift; path = TrendingCollectionViewCell.swift; sourceTree = "<group>"; };
		B4B0968A27453DA500240D76 /* Trending.storyboard */ = {isa = PBXFileReference; lastKnownFileType = file.storyboard; path = Trending.storyboard; sourceTree = "<group>"; };
		B4B0968E27454C5E00240D76 /* ArticleBodyViewController.swift */ = {isa = PBXFileReference; lastKnownFileType = sourcecode.swift; path = ArticleBodyViewController.swift; sourceTree = "<group>"; };
		B4B0969027454C8A00240D76 /* ArticleBody.storyboard */ = {isa = PBXFileReference; lastKnownFileType = file.storyboard; path = ArticleBody.storyboard; sourceTree = "<group>"; };
		B4B0969E2746330100240D76 /* CategorySectionViewController.swift */ = {isa = PBXFileReference; lastKnownFileType = sourcecode.swift; path = CategorySectionViewController.swift; sourceTree = "<group>"; };
		B4B096BA274638B400240D76 /* Category.storyboard */ = {isa = PBXFileReference; lastKnownFileType = file.storyboard; path = Category.storyboard; sourceTree = "<group>"; };
		B4B096C92746649D00240D76 /* SeeMorePage.storyboard */ = {isa = PBXFileReference; lastKnownFileType = file.storyboard; path = SeeMorePage.storyboard; sourceTree = "<group>"; };
		B4B096CD274664C000240D76 /* SeeMorePageViewController.swift */ = {isa = PBXFileReference; lastKnownFileType = sourcecode.swift; path = SeeMorePageViewController.swift; sourceTree = "<group>"; };
		B4B096DC274686E800240D76 /* KeyInfo.plist */ = {isa = PBXFileReference; lastKnownFileType = text.plist.xml; path = KeyInfo.plist; sourceTree = "<group>"; };
		B4B096DE2746879900240D76 /* HIDEAPIKEY++Bundle.swift */ = {isa = PBXFileReference; lastKnownFileType = sourcecode.swift; path = "HIDEAPIKEY++Bundle.swift"; sourceTree = "<group>"; };
		B4B096E72746905E00240D76 /* KF+Extension.swift */ = {isa = PBXFileReference; lastKnownFileType = sourcecode.swift; path = "KF+Extension.swift"; sourceTree = "<group>"; };
		B4B096F32747C06800240D76 /* EmptySearchCollectionViewCell.swift */ = {isa = PBXFileReference; lastKnownFileType = sourcecode.swift; path = EmptySearchCollectionViewCell.swift; sourceTree = "<group>"; };
		E420A1CDEFFAB221B76E9BD5 /* Pods-OverseasNews.debug.xcconfig */ = {isa = PBXFileReference; includeInIndex = 1; lastKnownFileType = text.xcconfig; name = "Pods-OverseasNews.debug.xcconfig"; path = "Target Support Files/Pods-OverseasNews/Pods-OverseasNews.debug.xcconfig"; sourceTree = "<group>"; };
/* End PBXFileReference section */

/* Begin PBXFrameworksBuildPhase section */
		B40CCD002743DE67004C83C4 /* Frameworks */ = {
			isa = PBXFrameworksBuildPhase;
			buildActionMask = 2147483647;
			files = (
				B4216C07274A241F0028DBBF /* RealmSwift in Frameworks */,
				B4216C05274A241F0028DBBF /* Realm in Frameworks */,
				B4B096E62746904900240D76 /* Kingfisher in Frameworks */,
				B4216C11274A7DAD0028DBBF /* Toast in Frameworks */,
				B421F669274E085C00FD02B0 /* SkeletonView in Frameworks */,
				B4B0966727452CE600240D76 /* CHTCollectionViewWaterfallLayout in Frameworks */,
				B4B096D82746848F00240D76 /* Alamofire in Frameworks */,
				B4B09694274560E300240D76 /* SnapKit in Frameworks */,
				B4B096DB274684F800240D76 /* SwiftyJSON in Frameworks */,
				B4B0969A27462DFE00240D76 /* Tabman in Frameworks */,
				98CD4C62B431E883941D024C /* Pods_OverseasNews.framework in Frameworks */,
			);
			runOnlyForDeploymentPostprocessing = 0;
		};
/* End PBXFrameworksBuildPhase section */

/* Begin PBXGroup section */
		2736F891AD87B41889C3D84E /* Frameworks */ = {
			isa = PBXGroup;
			children = (
				9B824729380799B8B0121F5B /* Pods_OverseasNews.framework */,
			);
			name = Frameworks;
			sourceTree = "<group>";
		};
		44133C5BAD985B963C3DDF23 /* Pods */ = {
			isa = PBXGroup;
			children = (
				E420A1CDEFFAB221B76E9BD5 /* Pods-OverseasNews.debug.xcconfig */,
				2A109816A89EF35F25915763 /* Pods-OverseasNews.release.xcconfig */,
			);
			path = Pods;
			sourceTree = "<group>";
		};
		B40CCCFA2743DE67004C83C4 = {
			isa = PBXGroup;
			children = (
				B40CCD052743DE67004C83C4 /* OverseasNews */,
				B40CCD042743DE67004C83C4 /* Products */,
				44133C5BAD985B963C3DDF23 /* Pods */,
				2736F891AD87B41889C3D84E /* Frameworks */,
			);
			sourceTree = "<group>";
		};
		B40CCD042743DE67004C83C4 /* Products */ = {
			isa = PBXGroup;
			children = (
				B40CCD032743DE67004C83C4 /* OverseasNews.app */,
			);
			name = Products;
			sourceTree = "<group>";
		};
		B40CCD052743DE67004C83C4 /* OverseasNews */ = {
			isa = PBXGroup;
			children = (
				B4B0963C2744DF0E00240D76 /* Model */,
				B4B0963E2744DF2900240D76 /* StoryBoard */,
				B4B0963B2744DF0A00240D76 /* View */,
				B4B0963A2744DF0100240D76 /* ViewController */,
				B4B096392744DEF700240D76 /* Extension */,
				B4B0963D2744DF1500240D76 /* App+SceneDelegate */,
				B47A902727674B8900C05428 /* GoogleService-Info.plist */,
				B40CCD112743DE69004C83C4 /* LaunchScreen.storyboard */,
				B421F68C274FCE8200FD02B0 /* Assets.xcassets */,
				B40CCD142743DE69004C83C4 /* Info.plist */,
				B4B096DC274686E800240D76 /* KeyInfo.plist */,
				B421F694274FDD9B00FD02B0 /* InfoPlist.strings */,
			);
			path = OverseasNews;
			sourceTree = "<group>";
		};
		B421F682274F8B1D00FD02B0 /* SettingVC */ = {
			isa = PBXGroup;
			children = (
				B4B096492744E05200240D76 /* SettingViewController.swift */,
				B421F680274F892200FD02B0 /* LicenseViewController.swift */,
			);
			path = SettingVC;
			sourceTree = "<group>";
		};
		B421F683274F8B3D00FD02B0 /* CategoryVC */ = {
			isa = PBXGroup;
			children = (
				B4B096472744E04400240D76 /* CategoryViewController.swift */,
				B4B0969E2746330100240D76 /* CategorySectionViewController.swift */,
				B4B096CD274664C000240D76 /* SeeMorePageViewController.swift */,
			);
			path = CategoryVC;
			sourceTree = "<group>";
		};
		B4B096392744DEF700240D76 /* Extension */ = {
			isa = PBXGroup;
			children = (
				B4B096572744E6D500240D76 /* LeftTitle+Extension.swift */,
				B4B096DE2746879900240D76 /* HIDEAPIKEY++Bundle.swift */,
				B4B096E72746905E00240D76 /* KF+Extension.swift */,
				B421F663274BFC5600FD02B0 /* UIFont+Extension.swift */,
				B421F665274D457500FD02B0 /* Date+Extension.swift */,
				B421F661274BF8E200FD02B0 /* Jsongmyung-Regular.otf */,
				B41C213727565E4C009744EC /* UIAlert+Extension.swift */,
			);
			path = Extension;
			sourceTree = "<group>";
		};
		B4B0963A2744DF0100240D76 /* ViewController */ = {
			isa = PBXGroup;
			children = (
				B4B096432744E03500240D76 /* TrendingViewController.swift */,
				B4B096452744E03B00240D76 /* SearchViewController.swift */,
				B4B0968E27454C5E00240D76 /* ArticleBodyViewController.swift */,
				B421F683274F8B3D00FD02B0 /* CategoryVC */,
				B421F682274F8B1D00FD02B0 /* SettingVC */,
			);
			path = ViewController;
			sourceTree = "<group>";
		};
		B4B0963B2744DF0A00240D76 /* View */ = {
			isa = PBXGroup;
			children = (
				B4B0965D2745014D00240D76 /* TrendingCollectionViewCell.swift */,
				B4B0965B2744F35900240D76 /* SearchTableViewCell.swift */,
				B4B096F32747C06800240D76 /* EmptySearchCollectionViewCell.swift */,
				B4216C16274B67D60028DBBF /* CategoryTableViewCell.swift */,
				B421F688274F8E4C00FD02B0 /* SettingTableViewCell.swift */,
			);
			path = View;
			sourceTree = "<group>";
		};
		B4B0963C2744DF0E00240D76 /* Model */ = {
			isa = PBXGroup;
			children = (
				B4216C09274A2A570028DBBF /* RealmModel.swift */,
				B4216C0D274A60050028DBBF /* SearchModel.swift */,
				B421F696274FE15600FD02B0 /* CategoryModel.swift */,
				B421F67E274F81AD00FD02B0 /* SettingOption.swift */,
			);
			path = Model;
			sourceTree = "<group>";
		};
		B4B0963D2744DF1500240D76 /* App+SceneDelegate */ = {
			isa = PBXGroup;
			children = (
				B40CCD062743DE67004C83C4 /* AppDelegate.swift */,
				B40CCD082743DE67004C83C4 /* SceneDelegate.swift */,
			);
			path = "App+SceneDelegate";
			sourceTree = "<group>";
		};
		B4B0963E2744DF2900240D76 /* StoryBoard */ = {
			isa = PBXGroup;
			children = (
				B40CCD0C2743DE67004C83C4 /* Main.storyboard */,
				B4B0968A27453DA500240D76 /* Trending.storyboard */,
				B4B0964F2744E1D100240D76 /* Search.storyboard */,
				B4B096BA274638B400240D76 /* Category.storyboard */,
				B4B096532744E1DD00240D76 /* Setting.storyboard */,
				B4B0969027454C8A00240D76 /* ArticleBody.storyboard */,
				B4B096C92746649D00240D76 /* SeeMorePage.storyboard */,
			);
			path = StoryBoard;
			sourceTree = "<group>";
		};
/* End PBXGroup section */

/* Begin PBXNativeTarget section */
		B40CCD022743DE67004C83C4 /* OverseasNews */ = {
			isa = PBXNativeTarget;
			buildConfigurationList = B40CCD172743DE69004C83C4 /* Build configuration list for PBXNativeTarget "OverseasNews" */;
			buildPhases = (
				8B92B17702B69F6F9D3873FB /* [CP] Check Pods Manifest.lock */,
				B40CCCFF2743DE67004C83C4 /* Sources */,
				B40CCD002743DE67004C83C4 /* Frameworks */,
				B40CCD012743DE67004C83C4 /* Resources */,
				6F9C61C7C28276E906D30D41 /* [CP] Embed Pods Frameworks */,
				B47A90292767560200C05428 /* ShellScript */,
			);
			buildRules = (
			);
			dependencies = (
			);
			name = OverseasNews;
			packageProductDependencies = (
				B4B0966627452CE600240D76 /* CHTCollectionViewWaterfallLayout */,
				B4B09693274560E300240D76 /* SnapKit */,
				B4B0969927462DFE00240D76 /* Tabman */,
				B4B096D72746848F00240D76 /* Alamofire */,
				B4B096DA274684F800240D76 /* SwiftyJSON */,
				B4B096E52746904900240D76 /* Kingfisher */,
				B4216C04274A241F0028DBBF /* Realm */,
				B4216C06274A241F0028DBBF /* RealmSwift */,
				B4216C10274A7DAD0028DBBF /* Toast */,
				B421F668274E085C00FD02B0 /* SkeletonView */,
			);
			productName = OverseasNews;
			productReference = B40CCD032743DE67004C83C4 /* OverseasNews.app */;
			productType = "com.apple.product-type.application";
		};
/* End PBXNativeTarget section */

/* Begin PBXProject section */
		B40CCCFB2743DE67004C83C4 /* Project object */ = {
			isa = PBXProject;
			attributes = {
				BuildIndependentTargetsInParallel = 1;
				LastSwiftUpdateCheck = 1300;
				LastUpgradeCheck = 1300;
				TargetAttributes = {
					B40CCD022743DE67004C83C4 = {
						CreatedOnToolsVersion = 13.0;
					};
				};
			};
			buildConfigurationList = B40CCCFE2743DE67004C83C4 /* Build configuration list for PBXProject "OverseasNews" */;
			compatibilityVersion = "Xcode 13.0";
			developmentRegion = en;
			hasScannedForEncodings = 0;
			knownRegions = (
				en,
				Base,
				ko,
			);
			mainGroup = B40CCCFA2743DE67004C83C4;
			packageReferences = (
				B4B0966527452CE600240D76 /* XCRemoteSwiftPackageReference "CHTCollectionViewWaterfallLayout" */,
				B4B09692274560E300240D76 /* XCRemoteSwiftPackageReference "SnapKit" */,
				B4B0969827462DFE00240D76 /* XCRemoteSwiftPackageReference "Tabman" */,
				B4B096D62746848F00240D76 /* XCRemoteSwiftPackageReference "Alamofire" */,
				B4B096D9274684F800240D76 /* XCRemoteSwiftPackageReference "SwiftyJSON" */,
				B4B096E42746904900240D76 /* XCRemoteSwiftPackageReference "Kingfisher" */,
				B4216C03274A241F0028DBBF /* XCRemoteSwiftPackageReference "realm-cocoa" */,
				B4216C0F274A7DAD0028DBBF /* XCRemoteSwiftPackageReference "Toast-Swift" */,
				B421F667274E085C00FD02B0 /* XCRemoteSwiftPackageReference "SkeletonView" */,
			);
			productRefGroup = B40CCD042743DE67004C83C4 /* Products */;
			projectDirPath = "";
			projectRoot = "";
			targets = (
				B40CCD022743DE67004C83C4 /* OverseasNews */,
			);
		};
/* End PBXProject section */

/* Begin PBXResourcesBuildPhase section */
		B40CCD012743DE67004C83C4 /* Resources */ = {
			isa = PBXResourcesBuildPhase;
			buildActionMask = 2147483647;
			files = (
				B47A902827674B8900C05428 /* GoogleService-Info.plist in Resources */,
				B4B096CA2746649D00240D76 /* SeeMorePage.storyboard in Resources */,
				B421F692274FDD9B00FD02B0 /* InfoPlist.strings in Resources */,
				B4B096BB274638B400240D76 /* Category.storyboard in Resources */,
				B421F68D274FCE8200FD02B0 /* Assets.xcassets in Resources */,
				B4B096542744E1DD00240D76 /* Setting.storyboard in Resources */,
				B40CCD132743DE69004C83C4 /* LaunchScreen.storyboard in Resources */,
				B421F662274BF8E200FD02B0 /* Jsongmyung-Regular.otf in Resources */,
				B4B0968B27453DA500240D76 /* Trending.storyboard in Resources */,
				B4B096DD274686E800240D76 /* KeyInfo.plist in Resources */,
				B40CCD0E2743DE67004C83C4 /* Main.storyboard in Resources */,
				B4B096502744E1D100240D76 /* Search.storyboard in Resources */,
				B4B0969127454C8A00240D76 /* ArticleBody.storyboard in Resources */,
			);
			runOnlyForDeploymentPostprocessing = 0;
		};
/* End PBXResourcesBuildPhase section */

/* Begin PBXShellScriptBuildPhase section */
		6F9C61C7C28276E906D30D41 /* [CP] Embed Pods Frameworks */ = {
			isa = PBXShellScriptBuildPhase;
			buildActionMask = 2147483647;
			files = (
			);
			inputFileListPaths = (
				"${PODS_ROOT}/Target Support Files/Pods-OverseasNews/Pods-OverseasNews-frameworks-${CONFIGURATION}-input-files.xcfilelist",
			);
			name = "[CP] Embed Pods Frameworks";
			outputFileListPaths = (
				"${PODS_ROOT}/Target Support Files/Pods-OverseasNews/Pods-OverseasNews-frameworks-${CONFIGURATION}-output-files.xcfilelist",
			);
			runOnlyForDeploymentPostprocessing = 0;
			shellPath = /bin/sh;
			shellScript = "\"${PODS_ROOT}/Target Support Files/Pods-OverseasNews/Pods-OverseasNews-frameworks.sh\"\n";
			showEnvVarsInLog = 0;
		};
		8B92B17702B69F6F9D3873FB /* [CP] Check Pods Manifest.lock */ = {
			isa = PBXShellScriptBuildPhase;
			buildActionMask = 2147483647;
			files = (
			);
			inputFileListPaths = (
			);
			inputPaths = (
				"${PODS_PODFILE_DIR_PATH}/Podfile.lock",
				"${PODS_ROOT}/Manifest.lock",
			);
			name = "[CP] Check Pods Manifest.lock";
			outputFileListPaths = (
			);
			outputPaths = (
				"$(DERIVED_FILE_DIR)/Pods-OverseasNews-checkManifestLockResult.txt",
			);
			runOnlyForDeploymentPostprocessing = 0;
			shellPath = /bin/sh;
			shellScript = "diff \"${PODS_PODFILE_DIR_PATH}/Podfile.lock\" \"${PODS_ROOT}/Manifest.lock\" > /dev/null\nif [ $? != 0 ] ; then\n    # print error to STDERR\n    echo \"error: The sandbox is not in sync with the Podfile.lock. Run 'pod install' or update your CocoaPods installation.\" >&2\n    exit 1\nfi\n# This output is used by Xcode 'outputs' to avoid re-running this script phase.\necho \"SUCCESS\" > \"${SCRIPT_OUTPUT_FILE_0}\"\n";
			showEnvVarsInLog = 0;
		};
		B47A90292767560200C05428 /* ShellScript */ = {
			isa = PBXShellScriptBuildPhase;
			buildActionMask = 2147483647;
			files = (
			);
			inputFileListPaths = (
			);
			inputPaths = (
			);
			outputFileListPaths = (
			);
			outputPaths = (
			);
			runOnlyForDeploymentPostprocessing = 0;
			shellPath = /bin/sh;
			shellScript = "\"${PODS_ROOT}/FirebaseCrashlytics/run\"\n";
		};
/* End PBXShellScriptBuildPhase section */

/* Begin PBXSourcesBuildPhase section */
		B40CCCFF2743DE67004C83C4 /* Sources */ = {
			isa = PBXSourcesBuildPhase;
			buildActionMask = 2147483647;
			files = (
				B421F664274BFC5600FD02B0 /* UIFont+Extension.swift in Sources */,
				B421F666274D457500FD02B0 /* Date+Extension.swift in Sources */,
				B4B096482744E04400240D76 /* CategoryViewController.swift in Sources */,
				B421F67F274F81AD00FD02B0 /* SettingOption.swift in Sources */,
				B4B096E82746905E00240D76 /* KF+Extension.swift in Sources */,
				B421F689274F8E4C00FD02B0 /* SettingTableViewCell.swift in Sources */,
				B40CCD072743DE67004C83C4 /* AppDelegate.swift in Sources */,
				B41C213827565E4C009744EC /* UIAlert+Extension.swift in Sources */,
				B4B096DF2746879900240D76 /* HIDEAPIKEY++Bundle.swift in Sources */,
				B4B0964A2744E05200240D76 /* SettingViewController.swift in Sources */,
				B4B096582744E6D500240D76 /* LeftTitle+Extension.swift in Sources */,
				B421F681274F892200FD02B0 /* LicenseViewController.swift in Sources */,
				B4B0968F27454C5E00240D76 /* ArticleBodyViewController.swift in Sources */,
				B40CCD092743DE67004C83C4 /* SceneDelegate.swift in Sources */,
				B421F697274FE15600FD02B0 /* CategoryModel.swift in Sources */,
				B4216C17274B67D60028DBBF /* CategoryTableViewCell.swift in Sources */,
				B4B0965E2745014D00240D76 /* TrendingCollectionViewCell.swift in Sources */,
				B4B0965C2744F35900240D76 /* SearchTableViewCell.swift in Sources */,
				B4B0969F2746330100240D76 /* CategorySectionViewController.swift in Sources */,
				B4216C0A274A2A570028DBBF /* RealmModel.swift in Sources */,
				B4216C0E274A60050028DBBF /* SearchModel.swift in Sources */,
				B4B096F42747C06900240D76 /* EmptySearchCollectionViewCell.swift in Sources */,
				B4B096462744E03B00240D76 /* SearchViewController.swift in Sources */,
				B4B096CE274664C000240D76 /* SeeMorePageViewController.swift in Sources */,
				B4B096442744E03500240D76 /* TrendingViewController.swift in Sources */,
			);
			runOnlyForDeploymentPostprocessing = 0;
		};
/* End PBXSourcesBuildPhase section */

/* Begin PBXVariantGroup section */
		B40CCD0C2743DE67004C83C4 /* Main.storyboard */ = {
			isa = PBXVariantGroup;
			children = (
				B40CCD0D2743DE67004C83C4 /* Base */,
				B421F68E274FDD5600FD02B0 /* ko */,
			);
			name = Main.storyboard;
			sourceTree = "<group>";
		};
		B40CCD112743DE69004C83C4 /* LaunchScreen.storyboard */ = {
			isa = PBXVariantGroup;
			children = (
				B40CCD122743DE69004C83C4 /* Base */,
				B421F68F274FDD5600FD02B0 /* ko */,
			);
			name = LaunchScreen.storyboard;
			sourceTree = "<group>";
		};
		B421F694274FDD9B00FD02B0 /* InfoPlist.strings */ = {
			isa = PBXVariantGroup;
			children = (
				B421F693274FDD9B00FD02B0 /* en */,
				B421F695274FDD9D00FD02B0 /* ko */,
			);
			name = InfoPlist.strings;
			sourceTree = "<group>";
		};
/* End PBXVariantGroup section */

/* Begin XCBuildConfiguration section */
		B40CCD152743DE69004C83C4 /* Debug */ = {
			isa = XCBuildConfiguration;
			buildSettings = {
				ALWAYS_SEARCH_USER_PATHS = NO;
				CLANG_ANALYZER_LOCALIZABILITY_NONLOCALIZED = YES;
				CLANG_ANALYZER_NONNULL = YES;
				CLANG_ANALYZER_NUMBER_OBJECT_CONVERSION = YES_AGGRESSIVE;
				CLANG_CXX_LANGUAGE_STANDARD = "gnu++17";
				CLANG_CXX_LIBRARY = "libc++";
				CLANG_ENABLE_MODULES = YES;
				CLANG_ENABLE_OBJC_ARC = YES;
				CLANG_ENABLE_OBJC_WEAK = YES;
				CLANG_WARN_BLOCK_CAPTURE_AUTORELEASING = YES;
				CLANG_WARN_BOOL_CONVERSION = YES;
				CLANG_WARN_COMMA = YES;
				CLANG_WARN_CONSTANT_CONVERSION = YES;
				CLANG_WARN_DEPRECATED_OBJC_IMPLEMENTATIONS = YES;
				CLANG_WARN_DIRECT_OBJC_ISA_USAGE = YES_ERROR;
				CLANG_WARN_DOCUMENTATION_COMMENTS = YES;
				CLANG_WARN_EMPTY_BODY = YES;
				CLANG_WARN_ENUM_CONVERSION = YES;
				CLANG_WARN_INFINITE_RECURSION = YES;
				CLANG_WARN_INT_CONVERSION = YES;
				CLANG_WARN_NON_LITERAL_NULL_CONVERSION = YES;
				CLANG_WARN_OBJC_IMPLICIT_RETAIN_SELF = YES;
				CLANG_WARN_OBJC_LITERAL_CONVERSION = YES;
				CLANG_WARN_OBJC_ROOT_CLASS = YES_ERROR;
				CLANG_WARN_QUOTED_INCLUDE_IN_FRAMEWORK_HEADER = YES;
				CLANG_WARN_RANGE_LOOP_ANALYSIS = YES;
				CLANG_WARN_STRICT_PROTOTYPES = YES;
				CLANG_WARN_SUSPICIOUS_MOVE = YES;
				CLANG_WARN_UNGUARDED_AVAILABILITY = YES_AGGRESSIVE;
				CLANG_WARN_UNREACHABLE_CODE = YES;
				CLANG_WARN__DUPLICATE_METHOD_MATCH = YES;
				COPY_PHASE_STRIP = NO;
				DEBUG_INFORMATION_FORMAT = dwarf;
				ENABLE_STRICT_OBJC_MSGSEND = YES;
				ENABLE_TESTABILITY = YES;
				GCC_C_LANGUAGE_STANDARD = gnu11;
				GCC_DYNAMIC_NO_PIC = NO;
				GCC_NO_COMMON_BLOCKS = YES;
				GCC_OPTIMIZATION_LEVEL = 0;
				GCC_PREPROCESSOR_DEFINITIONS = (
					"DEBUG=1",
					"$(inherited)",
				);
				GCC_WARN_64_TO_32_BIT_CONVERSION = YES;
				GCC_WARN_ABOUT_RETURN_TYPE = YES_ERROR;
				GCC_WARN_UNDECLARED_SELECTOR = YES;
				GCC_WARN_UNINITIALIZED_AUTOS = YES_AGGRESSIVE;
				GCC_WARN_UNUSED_FUNCTION = YES;
				GCC_WARN_UNUSED_VARIABLE = YES;
				IPHONEOS_DEPLOYMENT_TARGET = 13.0;
				MTL_ENABLE_DEBUG_INFO = INCLUDE_SOURCE;
				MTL_FAST_MATH = YES;
				ONLY_ACTIVE_ARCH = YES;
				SDKROOT = iphoneos;
				SWIFT_ACTIVE_COMPILATION_CONDITIONS = DEBUG;
				SWIFT_OPTIMIZATION_LEVEL = "-Onone";
			};
			name = Debug;
		};
		B40CCD162743DE69004C83C4 /* Release */ = {
			isa = XCBuildConfiguration;
			buildSettings = {
				ALWAYS_SEARCH_USER_PATHS = NO;
				CLANG_ANALYZER_LOCALIZABILITY_NONLOCALIZED = YES;
				CLANG_ANALYZER_NONNULL = YES;
				CLANG_ANALYZER_NUMBER_OBJECT_CONVERSION = YES_AGGRESSIVE;
				CLANG_CXX_LANGUAGE_STANDARD = "gnu++17";
				CLANG_CXX_LIBRARY = "libc++";
				CLANG_ENABLE_MODULES = YES;
				CLANG_ENABLE_OBJC_ARC = YES;
				CLANG_ENABLE_OBJC_WEAK = YES;
				CLANG_WARN_BLOCK_CAPTURE_AUTORELEASING = YES;
				CLANG_WARN_BOOL_CONVERSION = YES;
				CLANG_WARN_COMMA = YES;
				CLANG_WARN_CONSTANT_CONVERSION = YES;
				CLANG_WARN_DEPRECATED_OBJC_IMPLEMENTATIONS = YES;
				CLANG_WARN_DIRECT_OBJC_ISA_USAGE = YES_ERROR;
				CLANG_WARN_DOCUMENTATION_COMMENTS = YES;
				CLANG_WARN_EMPTY_BODY = YES;
				CLANG_WARN_ENUM_CONVERSION = YES;
				CLANG_WARN_INFINITE_RECURSION = YES;
				CLANG_WARN_INT_CONVERSION = YES;
				CLANG_WARN_NON_LITERAL_NULL_CONVERSION = YES;
				CLANG_WARN_OBJC_IMPLICIT_RETAIN_SELF = YES;
				CLANG_WARN_OBJC_LITERAL_CONVERSION = YES;
				CLANG_WARN_OBJC_ROOT_CLASS = YES_ERROR;
				CLANG_WARN_QUOTED_INCLUDE_IN_FRAMEWORK_HEADER = YES;
				CLANG_WARN_RANGE_LOOP_ANALYSIS = YES;
				CLANG_WARN_STRICT_PROTOTYPES = YES;
				CLANG_WARN_SUSPICIOUS_MOVE = YES;
				CLANG_WARN_UNGUARDED_AVAILABILITY = YES_AGGRESSIVE;
				CLANG_WARN_UNREACHABLE_CODE = YES;
				CLANG_WARN__DUPLICATE_METHOD_MATCH = YES;
				COPY_PHASE_STRIP = NO;
				DEBUG_INFORMATION_FORMAT = "dwarf-with-dsym";
				ENABLE_NS_ASSERTIONS = NO;
				ENABLE_STRICT_OBJC_MSGSEND = YES;
				GCC_C_LANGUAGE_STANDARD = gnu11;
				GCC_NO_COMMON_BLOCKS = YES;
				GCC_WARN_64_TO_32_BIT_CONVERSION = YES;
				GCC_WARN_ABOUT_RETURN_TYPE = YES_ERROR;
				GCC_WARN_UNDECLARED_SELECTOR = YES;
				GCC_WARN_UNINITIALIZED_AUTOS = YES_AGGRESSIVE;
				GCC_WARN_UNUSED_FUNCTION = YES;
				GCC_WARN_UNUSED_VARIABLE = YES;
				IPHONEOS_DEPLOYMENT_TARGET = 13.0;
				MTL_ENABLE_DEBUG_INFO = NO;
				MTL_FAST_MATH = YES;
				SDKROOT = iphoneos;
				SWIFT_COMPILATION_MODE = wholemodule;
				SWIFT_OPTIMIZATION_LEVEL = "-O";
				VALIDATE_PRODUCT = YES;
			};
			name = Release;
		};
		B40CCD182743DE69004C83C4 /* Debug */ = {
			isa = XCBuildConfiguration;
			baseConfigurationReference = E420A1CDEFFAB221B76E9BD5 /* Pods-OverseasNews.debug.xcconfig */;
			buildSettings = {
				ASSETCATALOG_COMPILER_APPICON_NAME = AppIcon;
				ASSETCATALOG_COMPILER_GLOBAL_ACCENT_COLOR_NAME = AccentColor;
				CODE_SIGN_STYLE = Automatic;
				CURRENT_PROJECT_VERSION = 1;
				DEVELOPMENT_TEAM = 7MS89TXQ5T;
				GENERATE_INFOPLIST_FILE = YES;
				INFOPLIST_FILE = OverseasNews/Info.plist;
				INFOPLIST_KEY_UIApplicationSupportsIndirectInputEvents = YES;
				INFOPLIST_KEY_UILaunchStoryboardName = LaunchScreen;
				INFOPLIST_KEY_UIMainStoryboardFile = Main;
				INFOPLIST_KEY_UISupportedInterfaceOrientations = UIInterfaceOrientationPortrait;
				INFOPLIST_KEY_UISupportedInterfaceOrientations_iPad = "UIInterfaceOrientationPortrait UIInterfaceOrientationPortraitUpsideDown UIInterfaceOrientationLandscapeLeft UIInterfaceOrientationLandscapeRight";
				INFOPLIST_KEY_UISupportedInterfaceOrientations_iPhone = "UIInterfaceOrientationPortrait UIInterfaceOrientationLandscapeLeft UIInterfaceOrientationLandscapeRight";
				LD_RUNPATH_SEARCH_PATHS = (
					"$(inherited)",
					"@executable_path/Frameworks",
				);
				MARKETING_VERSION = 1.0;
				PRODUCT_BUNDLE_IDENTIFIER = camosss.OverseasNews;
				PRODUCT_NAME = "$(TARGET_NAME)";
				SWIFT_EMIT_LOC_STRINGS = YES;
				SWIFT_VERSION = 5.0;
				TARGETED_DEVICE_FAMILY = 1;
			};
			name = Debug;
		};
		B40CCD192743DE69004C83C4 /* Release */ = {
			isa = XCBuildConfiguration;
			baseConfigurationReference = 2A109816A89EF35F25915763 /* Pods-OverseasNews.release.xcconfig */;
			buildSettings = {
				ASSETCATALOG_COMPILER_APPICON_NAME = AppIcon;
				ASSETCATALOG_COMPILER_GLOBAL_ACCENT_COLOR_NAME = AccentColor;
				CODE_SIGN_STYLE = Automatic;
				CURRENT_PROJECT_VERSION = 1;
				DEVELOPMENT_TEAM = 7MS89TXQ5T;
				GENERATE_INFOPLIST_FILE = YES;
				INFOPLIST_FILE = OverseasNews/Info.plist;
				INFOPLIST_KEY_UIApplicationSupportsIndirectInputEvents = YES;
				INFOPLIST_KEY_UILaunchStoryboardName = LaunchScreen;
				INFOPLIST_KEY_UIMainStoryboardFile = Main;
				INFOPLIST_KEY_UISupportedInterfaceOrientations = UIInterfaceOrientationPortrait;
				INFOPLIST_KEY_UISupportedInterfaceOrientations_iPad = "UIInterfaceOrientationPortrait UIInterfaceOrientationPortraitUpsideDown UIInterfaceOrientationLandscapeLeft UIInterfaceOrientationLandscapeRight";
				INFOPLIST_KEY_UISupportedInterfaceOrientations_iPhone = "UIInterfaceOrientationPortrait UIInterfaceOrientationLandscapeLeft UIInterfaceOrientationLandscapeRight";
				LD_RUNPATH_SEARCH_PATHS = (
					"$(inherited)",
					"@executable_path/Frameworks",
				);
				MARKETING_VERSION = 1.0;
				PRODUCT_BUNDLE_IDENTIFIER = camosss.OverseasNews;
				PRODUCT_NAME = "$(TARGET_NAME)";
				SWIFT_EMIT_LOC_STRINGS = YES;
				SWIFT_VERSION = 5.0;
				TARGETED_DEVICE_FAMILY = 1;
			};
			name = Release;
		};
/* End XCBuildConfiguration section */

/* Begin XCConfigurationList section */
		B40CCCFE2743DE67004C83C4 /* Build configuration list for PBXProject "OverseasNews" */ = {
			isa = XCConfigurationList;
			buildConfigurations = (
				B40CCD152743DE69004C83C4 /* Debug */,
				B40CCD162743DE69004C83C4 /* Release */,
			);
			defaultConfigurationIsVisible = 0;
			defaultConfigurationName = Release;
		};
		B40CCD172743DE69004C83C4 /* Build configuration list for PBXNativeTarget "OverseasNews" */ = {
			isa = XCConfigurationList;
			buildConfigurations = (
				B40CCD182743DE69004C83C4 /* Debug */,
				B40CCD192743DE69004C83C4 /* Release */,
			);
			defaultConfigurationIsVisible = 0;
			defaultConfigurationName = Release;
		};
/* End XCConfigurationList section */

/* Begin XCRemoteSwiftPackageReference section */
		B4216C03274A241F0028DBBF /* XCRemoteSwiftPackageReference "realm-cocoa" */ = {
			isa = XCRemoteSwiftPackageReference;
			repositoryURL = "https://github.com/realm/realm-cocoa.git";
			requirement = {
				kind = exactVersion;
				version = 10.19.0;
			};
		};
		B4216C0F274A7DAD0028DBBF /* XCRemoteSwiftPackageReference "Toast-Swift" */ = {
			isa = XCRemoteSwiftPackageReference;
			repositoryURL = "https://github.com/scalessec/Toast-Swift";
			requirement = {
				kind = upToNextMajorVersion;
				minimumVersion = 5.0.0;
			};
		};
		B421F667274E085C00FD02B0 /* XCRemoteSwiftPackageReference "SkeletonView" */ = {
			isa = XCRemoteSwiftPackageReference;
			repositoryURL = "https://github.com/Juanpe/SkeletonView";
			requirement = {
				kind = upToNextMajorVersion;
				minimumVersion = 1.0.0;
			};
		};
		B4B0966527452CE600240D76 /* XCRemoteSwiftPackageReference "CHTCollectionViewWaterfallLayout" */ = {
			isa = XCRemoteSwiftPackageReference;
			repositoryURL = "https://github.com/chiahsien/CHTCollectionViewWaterfallLayout";
			requirement = {
				kind = upToNextMajorVersion;
				minimumVersion = 0.9.8;
			};
		};
		B4B09692274560E300240D76 /* XCRemoteSwiftPackageReference "SnapKit" */ = {
			isa = XCRemoteSwiftPackageReference;
			repositoryURL = "https://github.com/SnapKit/SnapKit";
			requirement = {
				kind = upToNextMajorVersion;
				minimumVersion = 5.0.0;
			};
		};
		B4B0969827462DFE00240D76 /* XCRemoteSwiftPackageReference "Tabman" */ = {
			isa = XCRemoteSwiftPackageReference;
			repositoryURL = "https://github.com/uias/Tabman";
			requirement = {
				kind = upToNextMajorVersion;
				minimumVersion = 2.0.0;
			};
		};
		B4B096D62746848F00240D76 /* XCRemoteSwiftPackageReference "Alamofire" */ = {
			isa = XCRemoteSwiftPackageReference;
			repositoryURL = "https://github.com/Alamofire/Alamofire";
			requirement = {
				kind = upToNextMajorVersion;
				minimumVersion = 5.4.4;
			};
		};
		B4B096D9274684F800240D76 /* XCRemoteSwiftPackageReference "SwiftyJSON" */ = {
			isa = XCRemoteSwiftPackageReference;
			repositoryURL = "https://github.com/SwiftyJSON/SwiftyJSON";
			requirement = {
				kind = exactVersion;
				version = 5.0.0;
			};
		};
		B4B096E42746904900240D76 /* XCRemoteSwiftPackageReference "Kingfisher" */ = {
			isa = XCRemoteSwiftPackageReference;
			repositoryURL = "https://github.com/onevcat/Kingfisher";
			requirement = {
				kind = upToNextMajorVersion;
				minimumVersion = 7.0.0;
			};
		};
/* End XCRemoteSwiftPackageReference section */

/* Begin XCSwiftPackageProductDependency section */
		B4216C04274A241F0028DBBF /* Realm */ = {
			isa = XCSwiftPackageProductDependency;
			package = B4216C03274A241F0028DBBF /* XCRemoteSwiftPackageReference "realm-cocoa" */;
			productName = Realm;
		};
		B4216C06274A241F0028DBBF /* RealmSwift */ = {
			isa = XCSwiftPackageProductDependency;
			package = B4216C03274A241F0028DBBF /* XCRemoteSwiftPackageReference "realm-cocoa" */;
			productName = RealmSwift;
		};
		B4216C10274A7DAD0028DBBF /* Toast */ = {
			isa = XCSwiftPackageProductDependency;
			package = B4216C0F274A7DAD0028DBBF /* XCRemoteSwiftPackageReference "Toast-Swift" */;
			productName = Toast;
		};
		B421F668274E085C00FD02B0 /* SkeletonView */ = {
			isa = XCSwiftPackageProductDependency;
			package = B421F667274E085C00FD02B0 /* XCRemoteSwiftPackageReference "SkeletonView" */;
			productName = SkeletonView;
		};
		B4B0966627452CE600240D76 /* CHTCollectionViewWaterfallLayout */ = {
			isa = XCSwiftPackageProductDependency;
			package = B4B0966527452CE600240D76 /* XCRemoteSwiftPackageReference "CHTCollectionViewWaterfallLayout" */;
			productName = CHTCollectionViewWaterfallLayout;
		};
		B4B09693274560E300240D76 /* SnapKit */ = {
			isa = XCSwiftPackageProductDependency;
			package = B4B09692274560E300240D76 /* XCRemoteSwiftPackageReference "SnapKit" */;
			productName = SnapKit;
		};
		B4B0969927462DFE00240D76 /* Tabman */ = {
			isa = XCSwiftPackageProductDependency;
			package = B4B0969827462DFE00240D76 /* XCRemoteSwiftPackageReference "Tabman" */;
			productName = Tabman;
		};
		B4B096D72746848F00240D76 /* Alamofire */ = {
			isa = XCSwiftPackageProductDependency;
			package = B4B096D62746848F00240D76 /* XCRemoteSwiftPackageReference "Alamofire" */;
			productName = Alamofire;
		};
		B4B096DA274684F800240D76 /* SwiftyJSON */ = {
			isa = XCSwiftPackageProductDependency;
			package = B4B096D9274684F800240D76 /* XCRemoteSwiftPackageReference "SwiftyJSON" */;
			productName = SwiftyJSON;
		};
		B4B096E52746904900240D76 /* Kingfisher */ = {
			isa = XCSwiftPackageProductDependency;
			package = B4B096E42746904900240D76 /* XCRemoteSwiftPackageReference "Kingfisher" */;
			productName = Kingfisher;
		};
/* End XCSwiftPackageProductDependency section */
	};
	rootObject = B40CCCFB2743DE67004C83C4 /* Project object */;
}
